
Microsoft Visual Studio Solution File, Format Version 12.00
# Visual Studio 15
VisualStudioVersion = 15.0.28307.421
MinimumVisualStudioVersion = 10.0.40219.1
Project("{FAE04EC0-301F-11D3-BF4B-00C04F79EFBC}") = "BankingSimulator", "BankingSimulator\BankingSimulator.csproj", "{CCD7814A-27F0-4E0A-955B-BB11CA62631D}"
EndProject
Global
	GlobalSection(SolutionConfigurationPlatforms) = preSolution
		Debug|Any CPU = Debug|Any CPU
		Release|Any CPU = Release|Any CPU
	EndGlobalSection
	GlobalSection(ProjectConfigurationPlatforms) = postSolution
		{CCD7814A-27F0-4E0A-955B-BB11CA62631D}.Debug|Any CPU.ActiveCfg = Debug|Any CPU
		{CCD7814A-27F0-4E0A-955B-BB11CA62631D}.Debug|Any CPU.Build.0 = Debug|Any CPU
		{CCD7814A-27F0-4E0A-955B-BB11CA62631D}.Release|Any CPU.ActiveCfg = Release|Any CPU
		{CCD7814A-27F0-4E0A-955B-BB11CA62631D}.Release|Any CPU.Build.0 = Release|Any CPU
	EndGlobalSection
	GlobalSection(SolutionProperties) = preSolution
		HideSolutionNode = FALSE
	EndGlobalSection
	GlobalSection(ExtensibilityGlobals) = postSolution
		SolutionGuid = {73FF7D5A-6A90-48B2-9207-774A5610B6BA}
	EndGlobalSection
EndGlobal
