
Microsoft Visual Studio Solution File, Format Version 11.00
# Visual Studio 2010
Project("{FAE04EC0-301F-11D3-BF4B-00C04F79EFBC}") = "DragShapes", "DragShapes\DragShapes.csproj", "{35F84216-B5B9-44A5-96F9-2EC08556CA03}"
EndProject
Global
	GlobalSection(SolutionConfigurationPlatforms) = preSolution
		Debug|x86 = Debug|x86
		Release|x86 = Release|x86
	EndGlobalSection
	GlobalSection(ProjectConfigurationPlatforms) = postSolution
		{35F84216-B5B9-44A5-96F9-2EC08556CA03}.Debug|x86.ActiveCfg = Debug|x86
		{35F84216-B5B9-44A5-96F9-2EC08556CA03}.Debug|x86.Build.0 = Debug|x86
		{35F84216-B5B9-44A5-96F9-2EC08556CA03}.Release|x86.ActiveCfg = Release|x86
		{35F84216-B5B9-44A5-96F9-2EC08556CA03}.Release|x86.Build.0 = Release|x86
	EndGlobalSection
	GlobalSection(SolutionProperties) = preSolution
		HideSolutionNode = FALSE
	EndGlobalSection
EndGlobal
