
Microsoft Visual Studio Solution File, Format Version 12.00
# Visual Studio 15
VisualStudioVersion = 15.0.27004.2010
MinimumVisualStudioVersion = 10.0.40219.1
Project("{FAE04EC0-301F-11D3-BF4B-00C04F79EFBC}") = "PraktikantenVerwaltungGUI", "PraktikantenVerwaltungGUI\PraktikantenVerwaltungGUI.csproj", "{EEB221A3-63F4-4DFC-8B3E-372032DBE508}"
	ProjectSection(ProjectDependencies) = postProject
		{C48FFAB3-2EE4-4D6B-ABB5-FC5A6F70669D} = {C48FFAB3-2EE4-4D6B-ABB5-FC5A6F70669D}
	EndProjectSection
EndProject
Project("{FAE04EC0-301F-11D3-BF4B-00C04F79EFBC}") = "PraktikantenVerwaltungTUI", "PraktikantenVerwaltungTUI\PraktikantenVerwaltungTUI.csproj", "{99D892E1-AAFA-4B99-9FB6-877949C1A6A1}"
EndProject
Project("{FAE04EC0-301F-11D3-BF4B-00C04F79EFBC}") = "Schichten", "Schichten\Schichten.csproj", "{C48FFAB3-2EE4-4D6B-ABB5-FC5A6F70669D}"
EndProject
Global
	GlobalSection(SolutionConfigurationPlatforms) = preSolution
		Debug|Any CPU = Debug|Any CPU
		Release|Any CPU = Release|Any CPU
	EndGlobalSection
	GlobalSection(ProjectConfigurationPlatforms) = postSolution
		{EEB221A3-63F4-4DFC-8B3E-372032DBE508}.Debug|Any CPU.ActiveCfg = Debug|Any CPU
		{EEB221A3-63F4-4DFC-8B3E-372032DBE508}.Debug|Any CPU.Build.0 = Debug|Any CPU
		{EEB221A3-63F4-4DFC-8B3E-372032DBE508}.Release|Any CPU.ActiveCfg = Release|Any CPU
		{EEB221A3-63F4-4DFC-8B3E-372032DBE508}.Release|Any CPU.Build.0 = Release|Any CPU
		{99D892E1-AAFA-4B99-9FB6-877949C1A6A1}.Debug|Any CPU.ActiveCfg = Debug|Any CPU
		{99D892E1-AAFA-4B99-9FB6-877949C1A6A1}.Debug|Any CPU.Build.0 = Debug|Any CPU
		{99D892E1-AAFA-4B99-9FB6-877949C1A6A1}.Release|Any CPU.ActiveCfg = Release|Any CPU
		{99D892E1-AAFA-4B99-9FB6-877949C1A6A1}.Release|Any CPU.Build.0 = Release|Any CPU
		{C48FFAB3-2EE4-4D6B-ABB5-FC5A6F70669D}.Debug|Any CPU.ActiveCfg = Debug|Any CPU
		{C48FFAB3-2EE4-4D6B-ABB5-FC5A6F70669D}.Debug|Any CPU.Build.0 = Debug|Any CPU
		{C48FFAB3-2EE4-4D6B-ABB5-FC5A6F70669D}.Release|Any CPU.ActiveCfg = Release|Any CPU
		{C48FFAB3-2EE4-4D6B-ABB5-FC5A6F70669D}.Release|Any CPU.Build.0 = Release|Any CPU
	EndGlobalSection
	GlobalSection(SolutionProperties) = preSolution
		HideSolutionNode = FALSE
	EndGlobalSection
	GlobalSection(ExtensibilityGlobals) = postSolution
		SolutionGuid = {98E36FC7-1358-4806-841E-BFEE6781ECE3}
	EndGlobalSection
EndGlobal
