
Microsoft Visual Studio Solution File, Format Version 12.00
# Visual Studio Version 16
VisualStudioVersion = 16.0.30907.101
MinimumVisualStudioVersion = 10.0.40219.1
Project("{FAE04EC0-301F-11D3-BF4B-00C04F79EFBC}") = "LabelDesigner", "LabelDesigner.csproj", "{C496DAD5-47F2-47B5-95F5-D004D08122AC}"
EndProject
Project("{FAE04EC0-301F-11D3-BF4B-00C04F79EFBC}") = "ZPLUtility", "..\ZPLUtility\ZPLUtility.csproj", "{AF7686AF-4FE5-4E73-BFE0-049F5814B721}"
EndProject
Global
	GlobalSection(SolutionConfigurationPlatforms) = preSolution
		Debug|Any CPU = Debug|Any CPU
		Release|Any CPU = Release|Any CPU
	EndGlobalSection
	GlobalSection(ProjectConfigurationPlatforms) = postSolution
		{C496DAD5-47F2-47B5-95F5-D004D08122AC}.Debug|Any CPU.ActiveCfg = Debug|Any CPU
		{C496DAD5-47F2-47B5-95F5-D004D08122AC}.Debug|Any CPU.Build.0 = Debug|Any CPU
		{C496DAD5-47F2-47B5-95F5-D004D08122AC}.Release|Any CPU.ActiveCfg = Release|Any CPU
		{C496DAD5-47F2-47B5-95F5-D004D08122AC}.Release|Any CPU.Build.0 = Release|Any CPU
		{AF7686AF-4FE5-4E73-BFE0-049F5814B721}.Debug|Any CPU.ActiveCfg = Debug|Any CPU
		{AF7686AF-4FE5-4E73-BFE0-049F5814B721}.Debug|Any CPU.Build.0 = Debug|Any CPU
		{AF7686AF-4FE5-4E73-BFE0-049F5814B721}.Release|Any CPU.ActiveCfg = Release|Any CPU
		{AF7686AF-4FE5-4E73-BFE0-049F5814B721}.Release|Any CPU.Build.0 = Release|Any CPU
	EndGlobalSection
	GlobalSection(SolutionProperties) = preSolution
		HideSolutionNode = FALSE
	EndGlobalSection
	GlobalSection(ExtensibilityGlobals) = postSolution
		SolutionGuid = {AF43F7B0-634B-4AB2-BA37-5E24F9644851}
	EndGlobalSection
	GlobalSection(TeamFoundationVersionControl) = preSolution
		SccNumberOfProjects = 3
		SccEnterpriseProvider = {4CA58AB2-18FA-4F8D-95D4-32DDF27D184C}
		SccTeamFoundationServer = http://sys-devops:8080/tfs/syspro
		SccLocalPath0 = .
		SccProjectUniqueName1 = LabelDesigner.csproj
		SccLocalPath1 = .
		SccProjectUniqueName2 = ..\\ZPLUtility\\ZPLUtility.csproj
		SccProjectName2 = ../ZPLUtility
		SccLocalPath2 = ..\\ZPLUtility
	EndGlobalSection
EndGlobal
